// !$*UTF8*$!
{
	archiveVersion = 1;
	classes = {
	};
	objectVersion = 50;
	objects = {

/* Begin PBXBuildFile section */
		A3C697952565913600F028D5 /* herp_feed_trackerApp.swift in Sources */ = {isa = PBXBuildFile; fileRef = A3C697942565913600F028D5 /* herp_feed_trackerApp.swift */; };
		A3C697972565913600F028D5 /* ContentView.swift in Sources */ = {isa = PBXBuildFile; fileRef = A3C697962565913600F028D5 /* ContentView.swift */; };
		A3C697992565913800F028D5 /* Assets.xcassets in Resources */ = {isa = PBXBuildFile; fileRef = A3C697982565913800F028D5 /* Assets.xcassets */; };
		A3C6979C2565913800F028D5 /* Preview Assets.xcassets in Resources */ = {isa = PBXBuildFile; fileRef = A3C6979B2565913800F028D5 /* Preview Assets.xcassets */; };
		A3C697A72565913800F028D5 /* herp_feed_trackerTests.swift in Sources */ = {isa = PBXBuildFile; fileRef = A3C697A62565913800F028D5 /* herp_feed_trackerTests.swift */; };
		A3C697B22565913800F028D5 /* herp_feed_trackerUITests.swift in Sources */ = {isa = PBXBuildFile; fileRef = A3C697B12565913800F028D5 /* herp_feed_trackerUITests.swift */; };
		A3C697C32565971800F028D5 /* SecondView.swift in Sources */ = {isa = PBXBuildFile; fileRef = A3C697C22565971800F028D5 /* SecondView.swift */; };
		A3C697C82565CB7900F028D5 /* SettingsView.swift in Sources */ = {isa = PBXBuildFile; fileRef = A3C697C72565CB7900F028D5 /* SettingsView.swift */; };
		A3C697CD2565CD7200F028D5 /* MyPetsView.swift in Sources */ = {isa = PBXBuildFile; fileRef = A3C697CC2565CD7200F028D5 /* MyPetsView.swift */; };
		A3C697D22565CE9400F028D5 /* DetailsView.swift in Sources */ = {isa = PBXBuildFile; fileRef = A3C697D12565CE9400F028D5 /* DetailsView.swift */; };
/* End PBXBuildFile section */

/* Begin PBXContainerItemProxy section */
		A3C697A32565913800F028D5 /* PBXContainerItemProxy */ = {
			isa = PBXContainerItemProxy;
			containerPortal = A3C697892565913600F028D5 /* Project object */;
			proxyType = 1;
			remoteGlobalIDString = A3C697902565913600F028D5;
			remoteInfo = "herp-feed-tracker";
		};
		A3C697AE2565913800F028D5 /* PBXContainerItemProxy */ = {
			isa = PBXContainerItemProxy;
			containerPortal = A3C697892565913600F028D5 /* Project object */;
			proxyType = 1;
			remoteGlobalIDString = A3C697902565913600F028D5;
			remoteInfo = "herp-feed-tracker";
		};
/* End PBXContainerItemProxy section */

/* Begin PBXFileReference section */
		A3C697912565913600F028D5 /* herp-feed-tracker.app */ = {isa = PBXFileReference; explicitFileType = wrapper.application; includeInIndex = 0; path = "herp-feed-tracker.app"; sourceTree = BUILT_PRODUCTS_DIR; };
		A3C697942565913600F028D5 /* herp_feed_trackerApp.swift */ = {isa = PBXFileReference; lastKnownFileType = sourcecode.swift; path = herp_feed_trackerApp.swift; sourceTree = "<group>"; };
		A3C697962565913600F028D5 /* ContentView.swift */ = {isa = PBXFileReference; lastKnownFileType = sourcecode.swift; path = ContentView.swift; sourceTree = "<group>"; };
		A3C697982565913800F028D5 /* Assets.xcassets */ = {isa = PBXFileReference; lastKnownFileType = folder.assetcatalog; path = Assets.xcassets; sourceTree = "<group>"; };
		A3C6979B2565913800F028D5 /* Preview Assets.xcassets */ = {isa = PBXFileReference; lastKnownFileType = folder.assetcatalog; path = "Preview Assets.xcassets"; sourceTree = "<group>"; };
		A3C6979D2565913800F028D5 /* Info.plist */ = {isa = PBXFileReference; lastKnownFileType = text.plist.xml; path = Info.plist; sourceTree = "<group>"; };
		A3C697A22565913800F028D5 /* herp-feed-trackerTests.xctest */ = {isa = PBXFileReference; explicitFileType = wrapper.cfbundle; includeInIndex = 0; path = "herp-feed-trackerTests.xctest"; sourceTree = BUILT_PRODUCTS_DIR; };
		A3C697A62565913800F028D5 /* herp_feed_trackerTests.swift */ = {isa = PBXFileReference; lastKnownFileType = sourcecode.swift; path = herp_feed_trackerTests.swift; sourceTree = "<group>"; };
		A3C697A82565913800F028D5 /* Info.plist */ = {isa = PBXFileReference; lastKnownFileType = text.plist.xml; path = Info.plist; sourceTree = "<group>"; };
		A3C697AD2565913800F028D5 /* herp-feed-trackerUITests.xctest */ = {isa = PBXFileReference; explicitFileType = wrapper.cfbundle; includeInIndex = 0; path = "herp-feed-trackerUITests.xctest"; sourceTree = BUILT_PRODUCTS_DIR; };
		A3C697B12565913800F028D5 /* herp_feed_trackerUITests.swift */ = {isa = PBXFileReference; lastKnownFileType = sourcecode.swift; path = herp_feed_trackerUITests.swift; sourceTree = "<group>"; };
		A3C697B32565913800F028D5 /* Info.plist */ = {isa = PBXFileReference; lastKnownFileType = text.plist.xml; path = Info.plist; sourceTree = "<group>"; };
		A3C697C22565971800F028D5 /* SecondView.swift */ = {isa = PBXFileReference; lastKnownFileType = sourcecode.swift; path = SecondView.swift; sourceTree = "<group>"; };
		A3C697C72565CB7900F028D5 /* SettingsView.swift */ = {isa = PBXFileReference; lastKnownFileType = sourcecode.swift; path = SettingsView.swift; sourceTree = "<group>"; };
		A3C697CC2565CD7200F028D5 /* MyPetsView.swift */ = {isa = PBXFileReference; lastKnownFileType = sourcecode.swift; path = MyPetsView.swift; sourceTree = "<group>"; };
		A3C697D12565CE9400F028D5 /* DetailsView.swift */ = {isa = PBXFileReference; lastKnownFileType = sourcecode.swift; path = DetailsView.swift; sourceTree = "<group>"; };
/* End PBXFileReference section */

/* Begin PBXFrameworksBuildPhase section */
		A3C6978E2565913600F028D5 /* Frameworks */ = {
			isa = PBXFrameworksBuildPhase;
			buildActionMask = 2147483647;
			files = (
			);
			runOnlyForDeploymentPostprocessing = 0;
		};
		A3C6979F2565913800F028D5 /* Frameworks */ = {
			isa = PBXFrameworksBuildPhase;
			buildActionMask = 2147483647;
			files = (
			);
			runOnlyForDeploymentPostprocessing = 0;
		};
		A3C697AA2565913800F028D5 /* Frameworks */ = {
			isa = PBXFrameworksBuildPhase;
			buildActionMask = 2147483647;
			files = (
			);
			runOnlyForDeploymentPostprocessing = 0;
		};
/* End PBXFrameworksBuildPhase section */

/* Begin PBXGroup section */
		A3C697882565913600F028D5 = {
			isa = PBXGroup;
			children = (
				A3C697932565913600F028D5 /* herp-feed-tracker */,
				A3C697A52565913800F028D5 /* herp-feed-trackerTests */,
				A3C697B02565913800F028D5 /* herp-feed-trackerUITests */,
				A3C697922565913600F028D5 /* Products */,
			);
			sourceTree = "<group>";
		};
		A3C697922565913600F028D5 /* Products */ = {
			isa = PBXGroup;
			children = (
				A3C697912565913600F028D5 /* herp-feed-tracker.app */,
				A3C697A22565913800F028D5 /* herp-feed-trackerTests.xctest */,
				A3C697AD2565913800F028D5 /* herp-feed-trackerUITests.xctest */,
			);
			name = Products;
			sourceTree = "<group>";
		};
		A3C697932565913600F028D5 /* herp-feed-tracker */ = {
			isa = PBXGroup;
			children = (
				A3C697942565913600F028D5 /* herp_feed_trackerApp.swift */,
				A3C697962565913600F028D5 /* ContentView.swift */,
				A3C697CC2565CD7200F028D5 /* MyPetsView.swift */,
				A3C697D12565CE9400F028D5 /* DetailsView.swift */,
				A3C697C72565CB7900F028D5 /* SettingsView.swift */,
				A3C697C22565971800F028D5 /* SecondView.swift */,
				A3C697982565913800F028D5 /* Assets.xcassets */,
				A3C6979D2565913800F028D5 /* Info.plist */,
				A3C6979A2565913800F028D5 /* Preview Content */,
			);
			path = "herp-feed-tracker";
			sourceTree = "<group>";
		};
		A3C6979A2565913800F028D5 /* Preview Content */ = {
			isa = PBXGroup;
			children = (
				A3C6979B2565913800F028D5 /* Preview Assets.xcassets */,
			);
			path = "Preview Content";
			sourceTree = "<group>";
		};
		A3C697A52565913800F028D5 /* herp-feed-trackerTests */ = {
			isa = PBXGroup;
			children = (
				A3C697A62565913800F028D5 /* herp_feed_trackerTests.swift */,
				A3C697A82565913800F028D5 /* Info.plist */,
			);
			path = "herp-feed-trackerTests";
			sourceTree = "<group>";
		};
		A3C697B02565913800F028D5 /* herp-feed-trackerUITests */ = {
			isa = PBXGroup;
			children = (
				A3C697B12565913800F028D5 /* herp_feed_trackerUITests.swift */,
				A3C697B32565913800F028D5 /* Info.plist */,
			);
			path = "herp-feed-trackerUITests";
			sourceTree = "<group>";
		};
/* End PBXGroup section */

/* Begin PBXNativeTarget section */
		A3C697902565913600F028D5 /* herp-feed-tracker */ = {
			isa = PBXNativeTarget;
			buildConfigurationList = A3C697B62565913800F028D5 /* Build configuration list for PBXNativeTarget "herp-feed-tracker" */;
			buildPhases = (
				A3C6978D2565913600F028D5 /* Sources */,
				A3C6978E2565913600F028D5 /* Frameworks */,
				A3C6978F2565913600F028D5 /* Resources */,
			);
			buildRules = (
			);
			dependencies = (
			);
			name = "herp-feed-tracker";
			productName = "herp-feed-tracker";
			productReference = A3C697912565913600F028D5 /* herp-feed-tracker.app */;
			productType = "com.apple.product-type.application";
		};
		A3C697A12565913800F028D5 /* herp-feed-trackerTests */ = {
			isa = PBXNativeTarget;
			buildConfigurationList = A3C697B92565913800F028D5 /* Build configuration list for PBXNativeTarget "herp-feed-trackerTests" */;
			buildPhases = (
				A3C6979E2565913800F028D5 /* Sources */,
				A3C6979F2565913800F028D5 /* Frameworks */,
				A3C697A02565913800F028D5 /* Resources */,
			);
			buildRules = (
			);
			dependencies = (
				A3C697A42565913800F028D5 /* PBXTargetDependency */,
			);
			name = "herp-feed-trackerTests";
			productName = "herp-feed-trackerTests";
			productReference = A3C697A22565913800F028D5 /* herp-feed-trackerTests.xctest */;
			productType = "com.apple.product-type.bundle.unit-test";
		};
		A3C697AC2565913800F028D5 /* herp-feed-trackerUITests */ = {
			isa = PBXNativeTarget;
			buildConfigurationList = A3C697BC2565913800F028D5 /* Build configuration list for PBXNativeTarget "herp-feed-trackerUITests" */;
			buildPhases = (
				A3C697A92565913800F028D5 /* Sources */,
				A3C697AA2565913800F028D5 /* Frameworks */,
				A3C697AB2565913800F028D5 /* Resources */,
			);
			buildRules = (
			);
			dependencies = (
				A3C697AF2565913800F028D5 /* PBXTargetDependency */,
			);
			name = "herp-feed-trackerUITests";
			productName = "herp-feed-trackerUITests";
			productReference = A3C697AD2565913800F028D5 /* herp-feed-trackerUITests.xctest */;
			productType = "com.apple.product-type.bundle.ui-testing";
		};
/* End PBXNativeTarget section */

/* Begin PBXProject section */
		A3C697892565913600F028D5 /* Project object */ = {
			isa = PBXProject;
			attributes = {
				LastSwiftUpdateCheck = 1220;
				LastUpgradeCheck = 1220;
				TargetAttributes = {
					A3C697902565913600F028D5 = {
						CreatedOnToolsVersion = 12.2;
					};
					A3C697A12565913800F028D5 = {
						CreatedOnToolsVersion = 12.2;
						TestTargetID = A3C697902565913600F028D5;
					};
					A3C697AC2565913800F028D5 = {
						CreatedOnToolsVersion = 12.2;
						TestTargetID = A3C697902565913600F028D5;
					};
				};
			};
			buildConfigurationList = A3C6978C2565913600F028D5 /* Build configuration list for PBXProject "herp-feed-tracker" */;
			compatibilityVersion = "Xcode 9.3";
			developmentRegion = en;
			hasScannedForEncodings = 0;
			knownRegions = (
				en,
				Base,
			);
			mainGroup = A3C697882565913600F028D5;
			productRefGroup = A3C697922565913600F028D5 /* Products */;
			projectDirPath = "";
			projectRoot = "";
			targets = (
				A3C697902565913600F028D5 /* herp-feed-tracker */,
				A3C697A12565913800F028D5 /* herp-feed-trackerTests */,
				A3C697AC2565913800F028D5 /* herp-feed-trackerUITests */,
			);
		};
/* End PBXProject section */

/* Begin PBXResourcesBuildPhase section */
		A3C6978F2565913600F028D5 /* Resources */ = {
			isa = PBXResourcesBuildPhase;
			buildActionMask = 2147483647;
			files = (
				A3C6979C2565913800F028D5 /* Preview Assets.xcassets in Resources */,
				A3C697992565913800F028D5 /* Assets.xcassets in Resources */,
			);
			runOnlyForDeploymentPostprocessing = 0;
		};
		A3C697A02565913800F028D5 /* Resources */ = {
			isa = PBXResourcesBuildPhase;
			buildActionMask = 2147483647;
			files = (
			);
			runOnlyForDeploymentPostprocessing = 0;
		};
		A3C697AB2565913800F028D5 /* Resources */ = {
			isa = PBXResourcesBuildPhase;
			buildActionMask = 2147483647;
			files = (
			);
			runOnlyForDeploymentPostprocessing = 0;
		};
/* End PBXResourcesBuildPhase section */

/* Begin PBXSourcesBuildPhase section */
		A3C6978D2565913600F028D5 /* Sources */ = {
			isa = PBXSourcesBuildPhase;
			buildActionMask = 2147483647;
			files = (
				A3C697C32565971800F028D5 /* SecondView.swift in Sources */,
				A3C697C82565CB7900F028D5 /* SettingsView.swift in Sources */,
				A3C697972565913600F028D5 /* ContentView.swift in Sources */,
				A3C697952565913600F028D5 /* herp_feed_trackerApp.swift in Sources */,
				A3C697CD2565CD7200F028D5 /* MyPetsView.swift in Sources */,
				A3C697D22565CE9400F028D5 /* DetailsView.swift in Sources */,
			);
			runOnlyForDeploymentPostprocessing = 0;
		};
		A3C6979E2565913800F028D5 /* Sources */ = {
			isa = PBXSourcesBuildPhase;
			buildActionMask = 2147483647;
			files = (
				A3C697A72565913800F028D5 /* herp_feed_trackerTests.swift in Sources */,
			);
			runOnlyForDeploymentPostprocessing = 0;
		};
		A3C697A92565913800F028D5 /* Sources */ = {
			isa = PBXSourcesBuildPhase;
			buildActionMask = 2147483647;
			files = (
				A3C697B22565913800F028D5 /* herp_feed_trackerUITests.swift in Sources */,
			);
			runOnlyForDeploymentPostprocessing = 0;
		};
/* End PBXSourcesBuildPhase section */

/* Begin PBXTargetDependency section */
		A3C697A42565913800F028D5 /* PBXTargetDependency */ = {
			isa = PBXTargetDependency;
			target = A3C697902565913600F028D5 /* herp-feed-tracker */;
			targetProxy = A3C697A32565913800F028D5 /* PBXContainerItemProxy */;
		};
		A3C697AF2565913800F028D5 /* PBXTargetDependency */ = {
			isa = PBXTargetDependency;
			target = A3C697902565913600F028D5 /* herp-feed-tracker */;
			targetProxy = A3C697AE2565913800F028D5 /* PBXContainerItemProxy */;
		};
/* End PBXTargetDependency section */

/* Begin XCBuildConfiguration section */
		A3C697B42565913800F028D5 /* Debug */ = {
			isa = XCBuildConfiguration;
			buildSettings = {
				ALWAYS_SEARCH_USER_PATHS = NO;
				CLANG_ANALYZER_NONNULL = YES;
				CLANG_ANALYZER_NUMBER_OBJECT_CONVERSION = YES_AGGRESSIVE;
				CLANG_CXX_LANGUAGE_STANDARD = "gnu++14";
				CLANG_CXX_LIBRARY = "libc++";
				CLANG_ENABLE_MODULES = YES;
				CLANG_ENABLE_OBJC_ARC = YES;
				CLANG_ENABLE_OBJC_WEAK = YES;
				CLANG_WARN_BLOCK_CAPTURE_AUTORELEASING = YES;
				CLANG_WARN_BOOL_CONVERSION = YES;
				CLANG_WARN_COMMA = YES;
				CLANG_WARN_CONSTANT_CONVERSION = YES;
				CLANG_WARN_DEPRECATED_OBJC_IMPLEMENTATIONS = YES;
				CLANG_WARN_DIRECT_OBJC_ISA_USAGE = YES_ERROR;
				CLANG_WARN_DOCUMENTATION_COMMENTS = YES;
				CLANG_WARN_EMPTY_BODY = YES;
				CLANG_WARN_ENUM_CONVERSION = YES;
				CLANG_WARN_INFINITE_RECURSION = YES;
				CLANG_WARN_INT_CONVERSION = YES;
				CLANG_WARN_NON_LITERAL_NULL_CONVERSION = YES;
				CLANG_WARN_OBJC_IMPLICIT_RETAIN_SELF = YES;
				CLANG_WARN_OBJC_LITERAL_CONVERSION = YES;
				CLANG_WARN_OBJC_ROOT_CLASS = YES_ERROR;
				CLANG_WARN_QUOTED_INCLUDE_IN_FRAMEWORK_HEADER = YES;
				CLANG_WARN_RANGE_LOOP_ANALYSIS = YES;
				CLANG_WARN_STRICT_PROTOTYPES = YES;
				CLANG_WARN_SUSPICIOUS_MOVE = YES;
				CLANG_WARN_UNGUARDED_AVAILABILITY = YES_AGGRESSIVE;
				CLANG_WARN_UNREACHABLE_CODE = YES;
				CLANG_WARN__DUPLICATE_METHOD_MATCH = YES;
				COPY_PHASE_STRIP = NO;
				DEBUG_INFORMATION_FORMAT = dwarf;
				ENABLE_STRICT_OBJC_MSGSEND = YES;
				ENABLE_TESTABILITY = YES;
				GCC_C_LANGUAGE_STANDARD = gnu11;
				GCC_DYNAMIC_NO_PIC = NO;
				GCC_NO_COMMON_BLOCKS = YES;
				GCC_OPTIMIZATION_LEVEL = 0;
				GCC_PREPROCESSOR_DEFINITIONS = (
					"DEBUG=1",
					"$(inherited)",
				);
				GCC_WARN_64_TO_32_BIT_CONVERSION = YES;
				GCC_WARN_ABOUT_RETURN_TYPE = YES_ERROR;
				GCC_WARN_UNDECLARED_SELECTOR = YES;
				GCC_WARN_UNINITIALIZED_AUTOS = YES_AGGRESSIVE;
				GCC_WARN_UNUSED_FUNCTION = YES;
				GCC_WARN_UNUSED_VARIABLE = YES;
				IPHONEOS_DEPLOYMENT_TARGET = 14.2;
				MTL_ENABLE_DEBUG_INFO = INCLUDE_SOURCE;
				MTL_FAST_MATH = YES;
				ONLY_ACTIVE_ARCH = YES;
				SDKROOT = iphoneos;
				SWIFT_ACTIVE_COMPILATION_CONDITIONS = DEBUG;
				SWIFT_OPTIMIZATION_LEVEL = "-Onone";
			};
			name = Debug;
		};
		A3C697B52565913800F028D5 /* Release */ = {
			isa = XCBuildConfiguration;
			buildSettings = {
				ALWAYS_SEARCH_USER_PATHS = NO;
				CLANG_ANALYZER_NONNULL = YES;
				CLANG_ANALYZER_NUMBER_OBJECT_CONVERSION = YES_AGGRESSIVE;
				CLANG_CXX_LANGUAGE_STANDARD = "gnu++14";
				CLANG_CXX_LIBRARY = "libc++";
				CLANG_ENABLE_MODULES = YES;
				CLANG_ENABLE_OBJC_ARC = YES;
				CLANG_ENABLE_OBJC_WEAK = YES;
				CLANG_WARN_BLOCK_CAPTURE_AUTORELEASING = YES;
				CLANG_WARN_BOOL_CONVERSION = YES;
				CLANG_WARN_COMMA = YES;
				CLANG_WARN_CONSTANT_CONVERSION = YES;
				CLANG_WARN_DEPRECATED_OBJC_IMPLEMENTATIONS = YES;
				CLANG_WARN_DIRECT_OBJC_ISA_USAGE = YES_ERROR;
				CLANG_WARN_DOCUMENTATION_COMMENTS = YES;
				CLANG_WARN_EMPTY_BODY = YES;
				CLANG_WARN_ENUM_CONVERSION = YES;
				CLANG_WARN_INFINITE_RECURSION = YES;
				CLANG_WARN_INT_CONVERSION = YES;
				CLANG_WARN_NON_LITERAL_NULL_CONVERSION = YES;
				CLANG_WARN_OBJC_IMPLICIT_RETAIN_SELF = YES;
				CLANG_WARN_OBJC_LITERAL_CONVERSION = YES;
				CLANG_WARN_OBJC_ROOT_CLASS = YES_ERROR;
				CLANG_WARN_QUOTED_INCLUDE_IN_FRAMEWORK_HEADER = YES;
				CLANG_WARN_RANGE_LOOP_ANALYSIS = YES;
				CLANG_WARN_STRICT_PROTOTYPES = YES;
				CLANG_WARN_SUSPICIOUS_MOVE = YES;
				CLANG_WARN_UNGUARDED_AVAILABILITY = YES_AGGRESSIVE;
				CLANG_WARN_UNREACHABLE_CODE = YES;
				CLANG_WARN__DUPLICATE_METHOD_MATCH = YES;
				COPY_PHASE_STRIP = NO;
				DEBUG_INFORMATION_FORMAT = "dwarf-with-dsym";
				ENABLE_NS_ASSERTIONS = NO;
				ENABLE_STRICT_OBJC_MSGSEND = YES;
				GCC_C_LANGUAGE_STANDARD = gnu11;
				GCC_NO_COMMON_BLOCKS = YES;
				GCC_WARN_64_TO_32_BIT_CONVERSION = YES;
				GCC_WARN_ABOUT_RETURN_TYPE = YES_ERROR;
				GCC_WARN_UNDECLARED_SELECTOR = YES;
				GCC_WARN_UNINITIALIZED_AUTOS = YES_AGGRESSIVE;
				GCC_WARN_UNUSED_FUNCTION = YES;
				GCC_WARN_UNUSED_VARIABLE = YES;
				IPHONEOS_DEPLOYMENT_TARGET = 14.2;
				MTL_ENABLE_DEBUG_INFO = NO;
				MTL_FAST_MATH = YES;
				SDKROOT = iphoneos;
				SWIFT_COMPILATION_MODE = wholemodule;
				SWIFT_OPTIMIZATION_LEVEL = "-O";
				VALIDATE_PRODUCT = YES;
			};
			name = Release;
		};
		A3C697B72565913800F028D5 /* Debug */ = {
			isa = XCBuildConfiguration;
			buildSettings = {
				ASSETCATALOG_COMPILER_APPICON_NAME = AppIcon;
				ASSETCATALOG_COMPILER_GLOBAL_ACCENT_COLOR_NAME = AccentColor;
				CODE_SIGN_STYLE = Automatic;
				DEVELOPMENT_ASSET_PATHS = "\"herp-feed-tracker/Preview Content\"";
				DEVELOPMENT_TEAM = QMNHAB8LU6;
				ENABLE_PREVIEWS = YES;
				INFOPLIST_FILE = "herp-feed-tracker/Info.plist";
				IPHONEOS_DEPLOYMENT_TARGET = 14.0;
				LD_RUNPATH_SEARCH_PATHS = (
					"$(inherited)",
					"@executable_path/Frameworks",
				);
				PRODUCT_BUNDLE_IDENTIFIER = "com.jcstang.herp-feed-tracker";
				PRODUCT_NAME = "$(TARGET_NAME)";
				SWIFT_VERSION = 5.0;
				TARGETED_DEVICE_FAMILY = "1,2";
			};
			name = Debug;
		};
		A3C697B82565913800F028D5 /* Release */ = {
			isa = XCBuildConfiguration;
			buildSettings = {
				ASSETCATALOG_COMPILER_APPICON_NAME = AppIcon;
				ASSETCATALOG_COMPILER_GLOBAL_ACCENT_COLOR_NAME = AccentColor;
				CODE_SIGN_STYLE = Automatic;
				DEVELOPMENT_ASSET_PATHS = "\"herp-feed-tracker/Preview Content\"";
				DEVELOPMENT_TEAM = QMNHAB8LU6;
				ENABLE_PREVIEWS = YES;
				INFOPLIST_FILE = "herp-feed-tracker/Info.plist";
				IPHONEOS_DEPLOYMENT_TARGET = 14.0;
				LD_RUNPATH_SEARCH_PATHS = (
					"$(inherited)",
					"@executable_path/Frameworks",
				);
				PRODUCT_BUNDLE_IDENTIFIER = "com.jcstang.herp-feed-tracker";
				PRODUCT_NAME = "$(TARGET_NAME)";
				SWIFT_VERSION = 5.0;
				TARGETED_DEVICE_FAMILY = "1,2";
			};
			name = Release;
		};
		A3C697BA2565913800F028D5 /* Debug */ = {
			isa = XCBuildConfiguration;
			buildSettings = {
				ALWAYS_EMBED_SWIFT_STANDARD_LIBRARIES = YES;
				BUNDLE_LOADER = "$(TEST_HOST)";
				CODE_SIGN_STYLE = Automatic;
				DEVELOPMENT_TEAM = QMNHAB8LU6;
				INFOPLIST_FILE = "herp-feed-trackerTests/Info.plist";
				IPHONEOS_DEPLOYMENT_TARGET = 14.0;
				LD_RUNPATH_SEARCH_PATHS = (
					"$(inherited)",
					"@executable_path/Frameworks",
					"@loader_path/Frameworks",
				);
				PRODUCT_BUNDLE_IDENTIFIER = "com.jcstang.herp-feed-trackerTests";
				PRODUCT_NAME = "$(TARGET_NAME)";
				SWIFT_VERSION = 5.0;
				TARGETED_DEVICE_FAMILY = "1,2";
				TEST_HOST = "$(BUILT_PRODUCTS_DIR)/herp-feed-tracker.app/herp-feed-tracker";
			};
			name = Debug;
		};
		A3C697BB2565913800F028D5 /* Release */ = {
			isa = XCBuildConfiguration;
			buildSettings = {
				ALWAYS_EMBED_SWIFT_STANDARD_LIBRARIES = YES;
				BUNDLE_LOADER = "$(TEST_HOST)";
				CODE_SIGN_STYLE = Automatic;
				DEVELOPMENT_TEAM = QMNHAB8LU6;
				INFOPLIST_FILE = "herp-feed-trackerTests/Info.plist";
				IPHONEOS_DEPLOYMENT_TARGET = 14.0;
				LD_RUNPATH_SEARCH_PATHS = (
					"$(inherited)",
					"@executable_path/Frameworks",
					"@loader_path/Frameworks",
				);
				PRODUCT_BUNDLE_IDENTIFIER = "com.jcstang.herp-feed-trackerTests";
				PRODUCT_NAME = "$(TARGET_NAME)";
				SWIFT_VERSION = 5.0;
				TARGETED_DEVICE_FAMILY = "1,2";
				TEST_HOST = "$(BUILT_PRODUCTS_DIR)/herp-feed-tracker.app/herp-feed-tracker";
			};
			name = Release;
		};
		A3C697BD2565913800F028D5 /* Debug */ = {
			isa = XCBuildConfiguration;
			buildSettings = {
				ALWAYS_EMBED_SWIFT_STANDARD_LIBRARIES = YES;
				CODE_SIGN_STYLE = Automatic;
				DEVELOPMENT_TEAM = QMNHAB8LU6;
				INFOPLIST_FILE = "herp-feed-trackerUITests/Info.plist";
				LD_RUNPATH_SEARCH_PATHS = (
					"$(inherited)",
					"@executable_path/Frameworks",
					"@loader_path/Frameworks",
				);
				PRODUCT_BUNDLE_IDENTIFIER = "com.jcstang.herp-feed-trackerUITests";
				PRODUCT_NAME = "$(TARGET_NAME)";
				SWIFT_VERSION = 5.0;
				TARGETED_DEVICE_FAMILY = "1,2";
				TEST_TARGET_NAME = "herp-feed-tracker";
			};
			name = Debug;
		};
		A3C697BE2565913800F028D5 /* Release */ = {
			isa = XCBuildConfiguration;
			buildSettings = {
				ALWAYS_EMBED_SWIFT_STANDARD_LIBRARIES = YES;
				CODE_SIGN_STYLE = Automatic;
				DEVELOPMENT_TEAM = QMNHAB8LU6;
				INFOPLIST_FILE = "herp-feed-trackerUITests/Info.plist";
				LD_RUNPATH_SEARCH_PATHS = (
					"$(inherited)",
					"@executable_path/Frameworks",
					"@loader_path/Frameworks",
				);
				PRODUCT_BUNDLE_IDENTIFIER = "com.jcstang.herp-feed-trackerUITests";
				PRODUCT_NAME = "$(TARGET_NAME)";
				SWIFT_VERSION = 5.0;
				TARGETED_DEVICE_FAMILY = "1,2";
				TEST_TARGET_NAME = "herp-feed-tracker";
			};
			name = Release;
		};
/* End XCBuildConfiguration section */

/* Begin XCConfigurationList section */
		A3C6978C2565913600F028D5 /* Build configuration list for PBXProject "herp-feed-tracker" */ = {
			isa = XCConfigurationList;
			buildConfigurations = (
				A3C697B42565913800F028D5 /* Debug */,
				A3C697B52565913800F028D5 /* Release */,
			);
			defaultConfigurationIsVisible = 0;
			defaultConfigurationName = Release;
		};
		A3C697B62565913800F028D5 /* Build configuration list for PBXNativeTarget "herp-feed-tracker" */ = {
			isa = XCConfigurationList;
			buildConfigurations = (
				A3C697B72565913800F028D5 /* Debug */,
				A3C697B82565913800F028D5 /* Release */,
			);
			defaultConfigurationIsVisible = 0;
			defaultConfigurationName = Release;
		};
		A3C697B92565913800F028D5 /* Build configuration list for PBXNativeTarget "herp-feed-trackerTests" */ = {
			isa = XCConfigurationList;
			buildConfigurations = (
				A3C697BA2565913800F028D5 /* Debug */,
				A3C697BB2565913800F028D5 /* Release */,
			);
			defaultConfigurationIsVisible = 0;
			defaultConfigurationName = Release;
		};
		A3C697BC2565913800F028D5 /* Build configuration list for PBXNativeTarget "herp-feed-trackerUITests" */ = {
			isa = XCConfigurationList;
			buildConfigurations = (
				A3C697BD2565913800F028D5 /* Debug */,
				A3C697BE2565913800F028D5 /* Release */,
			);
			defaultConfigurationIsVisible = 0;
			defaultConfigurationName = Release;
		};
/* End XCConfigurationList section */
	};
	rootObject = A3C697892565913600F028D5 /* Project object */;
}
